{
  "name": "exso-app",
  "version": "0.0.0",
  "lockfileVersion": 3,
  "requires": true,
  "packages": {
    "": {
      "name": "exso-app",
      "version": "0.0.0",
      "dependencies": {
        "react": "^19.2.0",
        "react-dom": "^19.2.0",
        "@supabase/supabase-js": "^2.49.0"
      }
    }
  }
}
